
Microsoft Visual Studio Solution File, Format Version 12.00
# Visual Studio Version 17
VisualStudioVersion = 17.4.33103.184
MinimumVisualStudioVersion = 10.0.40219.1
Project("{FAE04EC0-301F-11D3-BF4B-00C04F79EFBC}") = "HW6.1", "HW6.1\HW6.1.csproj", "{43B000AF-2F06-4948-95B5-65A34CC9844E}"
EndProject
Global
	GlobalSection(SolutionConfigurationPlatforms) = preSolution
		Debug|Any CPU = Debug|Any CPU
		Release|Any CPU = Release|Any CPU
	EndGlobalSection
	GlobalSection(ProjectConfigurationPlatforms) = postSolution
		{43B000AF-2F06-4948-95B5-65A34CC9844E}.Debug|Any CPU.ActiveCfg = Debug|Any CPU
		{43B000AF-2F06-4948-95B5-65A34CC9844E}.Debug|Any CPU.Build.0 = Debug|Any CPU
		{43B000AF-2F06-4948-95B5-65A34CC9844E}.Release|Any CPU.ActiveCfg = Release|Any CPU
		{43B000AF-2F06-4948-95B5-65A34CC9844E}.Release|Any CPU.Build.0 = Release|Any CPU
	EndGlobalSection
	GlobalSection(SolutionProperties) = preSolution
		HideSolutionNode = FALSE
	EndGlobalSection
	GlobalSection(ExtensibilityGlobals) = postSolution
		SolutionGuid = {2148C59F-3246-4AEA-867E-938C3BDD86A5}
	EndGlobalSection
EndGlobal
